{
  "name": "mdas",
  "version": "1.0.0",
  "lockfileVersion": 3,
  "requires": true,
  "packages": {
    "": {
      "name": "mdas",
      "version": "1.0.0",
      "dependencies": {
        "@xmldom/xmldom": "^0.8.10",
        "pdf-parse": "^1.1.1",
        "pizzip": "^3.1.4"
      }
    },
    "node_modules/@xmldom/xmldom": {
      "version": "0.8.12",
      "resolved": "https://registry.npmjs.org/@xmldom/xmldom/-/xmldom-0.8.12.tgz",
      "integrity": "sha512-9k/gHF6n/pAi/9tqr3m3aqkuiNosYTurLLUtc7xQ9sxB/wm7WPygCv8GYa6mS0fLJEHhqMC1ATYhz++U/lRHqg==",
      "license": "MIT",
      "engines": {
        "node": ">=10.0.0"
      }
    },
    "node_modules/node-ensure": {
      "version": "0.0.0",
      "resolved": "https://registry.npmjs.org/node-ensure/-/node-ensure-0.0.0.tgz",
      "integrity": "sha512-DRI60hzo2oKN1ma0ckc6nQWlHU69RH6xN0sjQTjMpChPfTYvKZdcQFfdYK2RWbJcKyUizSIy/l8OTGxMAM1QDw==",
      "license": "MIT"
    },
    "node_modules/pako": {
      "version": "2.1.0",
      "resolved": "https://registry.npmjs.org/pako/-/pako-2.1.0.tgz",
      "integrity": "sha512-w+eufiZ1WuJYgPXbV/PO3NCMEc3xqylkKHzp8bxp1uW4qaSNQUkwmLLEc3kKsfz8lpV1F8Ht3U1Cm+9Srog2ug==",
      "license": "(MIT AND Zlib)"
    },
    "node_modules/pdf-parse": {
      "version": "1.1.4",
      "resolved": "https://registry.npmjs.org/pdf-parse/-/pdf-parse-1.1.4.tgz",
      "integrity": "sha512-XRIRcLgk6ZnUbsHsYXExMw+krrPE81hJ6FQPLdBNhhBefqIQKXu/WeTgNBGSwPrfU0v+UCEwn7AoAUOsVKHFvQ==",
      "license": "MIT",
      "dependencies": {
        "node-ensure": "^0.0.0"
      },
      "engines": {
        "node": ">=6.8.1"
      },
      "funding": {
        "type": "github",
        "url": "https://github.com/sponsors/mehmet-kozan"
      }
    },
    "node_modules/pizzip": {
      "version": "3.2.0",
      "resolved": "https://registry.npmjs.org/pizzip/-/pizzip-3.2.0.tgz",
      "integrity": "sha512-X4NPNICxCfIK8VYhF6wbksn81vTiziyLbvKuORVAmolvnUzl1A1xmz9DAWKxPRq9lZg84pJOOAMq3OE61bD8IQ==",
      "license": "(MIT OR GPL-3.0)",
      "dependencies": {
        "pako": "^2.1.0"
      }
    }
  }
}
